
Microsoft Visual Studio Solution File, Format Version 12.00
# Visual Studio Version 17
VisualStudioVersion = 17.7.34202.233
MinimumVisualStudioVersion = 10.0.40219.1
Project("{9A19103F-16F7-4668-BE54-9A1E7A4F7556}") = "WorkerService_Broker", "WorkerService_Broker.csproj", "{698E427D-574F-47B9-9C32-B4AA8090CDB8}"
EndProject
Project("{9A19103F-16F7-4668-BE54-9A1E7A4F7556}") = "Lib.RabbitMQ", "..\Lib.RabbitMQ\Lib.RabbitMQ.csproj", "{9382B2AD-6727-4822-B67B-162A19A7AE78}"
EndProject
Project("{9A19103F-16F7-4668-BE54-9A1E7A4F7556}") = "Lib.CommonFunctions", "..\Lib.CommonFunctions\Lib.CommonFunctions.csproj", "{BE4BA983-495C-4737-87E4-E369287A2AA7}"
EndProject
Project("{9A19103F-16F7-4668-BE54-9A1E7A4F7556}") = "Lib.DataTypes", "..\Lib.DataTypes\Lib.DataTypes.csproj", "{8F3DED3C-FA43-49D9-9FD3-9C88D2AFB2A0}"
EndProject
Project("{9A19103F-16F7-4668-BE54-9A1E7A4F7556}") = "WorkerService_Executor", "..\WorkerService_Executor\WorkerService_Executor.csproj", "{D74EE2E1-626A-4DD7-A7E7-0963E79842E2}"
EndProject
Project("{9A19103F-16F7-4668-BE54-9A1E7A4F7556}") = "Lib.AppDb", "..\Lib.AppDb\Lib.AppDb.csproj", "{A8954E26-D80A-4BC8-AD4A-1B4320636A73}"
EndProject
Project("{FAE04EC0-301F-11D3-BF4B-00C04F79EFBC}") = "Lib.Parser", "..\Lib.Parser\Lib.Parser.csproj", "{5B345C86-C96D-4CD8-8F77-539EF48CD0BC}"
EndProject
Global
	GlobalSection(SolutionConfigurationPlatforms) = preSolution
		Debug|Any CPU = Debug|Any CPU
		Release|Any CPU = Release|Any CPU
	EndGlobalSection
	GlobalSection(ProjectConfigurationPlatforms) = postSolution
		{698E427D-574F-47B9-9C32-B4AA8090CDB8}.Debug|Any CPU.ActiveCfg = Debug|Any CPU
		{698E427D-574F-47B9-9C32-B4AA8090CDB8}.Debug|Any CPU.Build.0 = Debug|Any CPU
		{698E427D-574F-47B9-9C32-B4AA8090CDB8}.Release|Any CPU.ActiveCfg = Release|Any CPU
		{698E427D-574F-47B9-9C32-B4AA8090CDB8}.Release|Any CPU.Build.0 = Release|Any CPU
		{9382B2AD-6727-4822-B67B-162A19A7AE78}.Debug|Any CPU.ActiveCfg = Debug|Any CPU
		{9382B2AD-6727-4822-B67B-162A19A7AE78}.Debug|Any CPU.Build.0 = Debug|Any CPU
		{9382B2AD-6727-4822-B67B-162A19A7AE78}.Release|Any CPU.ActiveCfg = Release|Any CPU
		{9382B2AD-6727-4822-B67B-162A19A7AE78}.Release|Any CPU.Build.0 = Release|Any CPU
		{BE4BA983-495C-4737-87E4-E369287A2AA7}.Debug|Any CPU.ActiveCfg = Debug|Any CPU
		{BE4BA983-495C-4737-87E4-E369287A2AA7}.Debug|Any CPU.Build.0 = Debug|Any CPU
		{BE4BA983-495C-4737-87E4-E369287A2AA7}.Release|Any CPU.ActiveCfg = Release|Any CPU
		{BE4BA983-495C-4737-87E4-E369287A2AA7}.Release|Any CPU.Build.0 = Release|Any CPU
		{8F3DED3C-FA43-49D9-9FD3-9C88D2AFB2A0}.Debug|Any CPU.ActiveCfg = Debug|Any CPU
		{8F3DED3C-FA43-49D9-9FD3-9C88D2AFB2A0}.Debug|Any CPU.Build.0 = Debug|Any CPU
		{8F3DED3C-FA43-49D9-9FD3-9C88D2AFB2A0}.Release|Any CPU.ActiveCfg = Release|Any CPU
		{8F3DED3C-FA43-49D9-9FD3-9C88D2AFB2A0}.Release|Any CPU.Build.0 = Release|Any CPU
		{D74EE2E1-626A-4DD7-A7E7-0963E79842E2}.Debug|Any CPU.ActiveCfg = Debug|Any CPU
		{D74EE2E1-626A-4DD7-A7E7-0963E79842E2}.Debug|Any CPU.Build.0 = Debug|Any CPU
		{D74EE2E1-626A-4DD7-A7E7-0963E79842E2}.Release|Any CPU.ActiveCfg = Release|Any CPU
		{D74EE2E1-626A-4DD7-A7E7-0963E79842E2}.Release|Any CPU.Build.0 = Release|Any CPU
		{A8954E26-D80A-4BC8-AD4A-1B4320636A73}.Debug|Any CPU.ActiveCfg = Debug|Any CPU
		{A8954E26-D80A-4BC8-AD4A-1B4320636A73}.Debug|Any CPU.Build.0 = Debug|Any CPU
		{A8954E26-D80A-4BC8-AD4A-1B4320636A73}.Release|Any CPU.ActiveCfg = Release|Any CPU
		{A8954E26-D80A-4BC8-AD4A-1B4320636A73}.Release|Any CPU.Build.0 = Release|Any CPU
		{5B345C86-C96D-4CD8-8F77-539EF48CD0BC}.Debug|Any CPU.ActiveCfg = Debug|Any CPU
		{5B345C86-C96D-4CD8-8F77-539EF48CD0BC}.Debug|Any CPU.Build.0 = Debug|Any CPU
		{5B345C86-C96D-4CD8-8F77-539EF48CD0BC}.Release|Any CPU.ActiveCfg = Release|Any CPU
		{5B345C86-C96D-4CD8-8F77-539EF48CD0BC}.Release|Any CPU.Build.0 = Release|Any CPU
	EndGlobalSection
	GlobalSection(SolutionProperties) = preSolution
		HideSolutionNode = FALSE
	EndGlobalSection
	GlobalSection(ExtensibilityGlobals) = postSolution
		SolutionGuid = {3B33D098-B581-41C9-8D06-EE9B2B00DD75}
	EndGlobalSection
EndGlobal
